
Microsoft Visual Studio Solution File, Format Version 12.00
# Visual Studio 15
VisualStudioVersion = 15.0.28307.168
MinimumVisualStudioVersion = 10.0.40219.1
Project("{FAE04EC0-301F-11D3-BF4B-00C04F79EFBC}") = "Client", "Chat\Client.csproj", "{DA4E7A10-8CDF-4319-BF9A-DD3AECD431F4}"
EndProject
Project("{FAE04EC0-301F-11D3-BF4B-00C04F79EFBC}") = "Server", "Server\Server.csproj", "{2F088A09-54DC-4CE1-88F8-7E6F3C9ABFB0}"
EndProject
Global
	GlobalSection(SolutionConfigurationPlatforms) = preSolution
		Debug|Any CPU = Debug|Any CPU
		Release|Any CPU = Release|Any CPU
	EndGlobalSection
	GlobalSection(ProjectConfigurationPlatforms) = postSolution
		{DA4E7A10-8CDF-4319-BF9A-DD3AECD431F4}.Debug|Any CPU.ActiveCfg = Debug|Any CPU
		{DA4E7A10-8CDF-4319-BF9A-DD3AECD431F4}.Debug|Any CPU.Build.0 = Debug|Any CPU
		{DA4E7A10-8CDF-4319-BF9A-DD3AECD431F4}.Release|Any CPU.ActiveCfg = Release|Any CPU
		{DA4E7A10-8CDF-4319-BF9A-DD3AECD431F4}.Release|Any CPU.Build.0 = Release|Any CPU
		{2F088A09-54DC-4CE1-88F8-7E6F3C9ABFB0}.Debug|Any CPU.ActiveCfg = Debug|Any CPU
		{2F088A09-54DC-4CE1-88F8-7E6F3C9ABFB0}.Debug|Any CPU.Build.0 = Debug|Any CPU
		{2F088A09-54DC-4CE1-88F8-7E6F3C9ABFB0}.Release|Any CPU.ActiveCfg = Release|Any CPU
		{2F088A09-54DC-4CE1-88F8-7E6F3C9ABFB0}.Release|Any CPU.Build.0 = Release|Any CPU
	EndGlobalSection
	GlobalSection(SolutionProperties) = preSolution
		HideSolutionNode = FALSE
	EndGlobalSection
	GlobalSection(ExtensibilityGlobals) = postSolution
		SolutionGuid = {F204CBFA-BA4D-4D40-940B-C2127DC24AC3}
	EndGlobalSection
EndGlobal
